{
  "name": "llm-thunderbird",
  "version": "0.1.0",
  "lockfileVersion": 3,
  "requires": true,
  "packages": {
    "": {
      "name": "llm-thunderbird",
      "version": "0.1.0",
      "dependencies": {
        "typescript": "^5.3.3"
      },
      "devDependencies": {
        "@types/thunderbird-webext-browser": "^109.0.4",
        "prettier": "3.2.5"
      }
    },
    "node_modules/@types/thunderbird-webext-browser": {
      "version": "109.0.4",
      "resolved": "https://registry.npmjs.org/@types/thunderbird-webext-browser/-/thunderbird-webext-browser-109.0.4.tgz",
      "integrity": "sha512-X4ao1F1vXxST1AC4/woVlK/OIwbdr5VLKJYnryk/lyvOCuunOSOfJhZ43fnuKVqaYCk/RlMpbTcjX5wboDUn3w==",
      "dev": true
    },
    "node_modules/prettier": {
      "version": "3.2.5",
      "resolved": "https://registry.npmjs.org/prettier/-/prettier-3.2.5.tgz",
      "integrity": "sha512-3/GWa9aOC0YeD7LUfvOG2NiDyhOWRvt1k+rcKhOuYnMY24iiCphgneUfJDyFXd6rZCAnuLBv6UeAULtrhT/F4A==",
      "dev": true,
      "bin": {
        "prettier": "bin/prettier.cjs"
      },
      "engines": {
        "node": ">=14"
      },
      "funding": {
        "url": "https://github.com/prettier/prettier?sponsor=1"
      }
    },
    "node_modules/typescript": {
      "version": "5.3.3",
      "resolved": "https://registry.npmjs.org/typescript/-/typescript-5.3.3.tgz",
      "integrity": "sha512-pXWcraxM0uxAS+tN0AG/BF2TyqmHO014Z070UsJ+pFvYuRSq8KH8DmWpnbXe0pEPDHXZV3FcAbJkijJ5oNEnWw==",
      "bin": {
        "tsc": "bin/tsc",
        "tsserver": "bin/tsserver"
      },
      "engines": {
        "node": ">=14.17"
      }
    }
  }
}
